{
    "_readme": [
        "This file locks the dependencies of your project to a known state",
        "Read more about it at https://getcomposer.org/doc/01-basic-usage.md#installing-dependencies",
        "This file is @generated automatically"
    ],
    "content-hash": "c2fd4e2aae44aaf3ab1f2fec209a8189",
    "packages": [
        {
            "name": "enjoys/http",
            "version": "1.0.1",
            "source": {
                "type": "git",
                "url": "https://github.com/Enjoyzz/http.git",
                "reference": "9e37f563a2e567206a098e8496333b69ead3401f"
            },
            "dist": {
                "type": "zip",
                "url": "https://api.github.com/repos/Enjoyzz/http/zipball/9e37f563a2e567206a098e8496333b69ead3401f",
                "reference": "9e37f563a2e567206a098e8496333b69ead3401f",
                "shasum": ""
            },
            "require": {
                "httpsoft/http-server-request": "^1.0.0",
                "php": "^7.4|^8.0"
            },
            "require-dev": {
                "phpunit/phpunit": "^9.4",
                "squizlabs/php_codesniffer": "^3.0"
            },
            "type": "library",
            "autoload": {
                "psr-4": {
                    "Enjoys\\Http\\": "src/"
                }
            },
            "notification-url": "https://packagist.org/downloads/",
            "license": [
                "MIT"
            ],
            "authors": [
                {
                    "name": "Enjoys",
                    "email": "deadly.info@gmail.com",
                    "role": "Developer"
                }
            ],
            "homepage": "https://github.com/enjoys/http",
            "keywords": [
                "enjoys",
                "http"
            ],
            "support": {
                "issues": "https://github.com/Enjoyzz/http/issues",
                "source": "https://github.com/Enjoyzz/http/tree/1.0.1"
            },
            "time": "2020-12-13T20:12:15+00:00"
        },
        {
            "name": "httpsoft/http-message",
            "version": "1.0.7",
            "source": {
                "type": "git",
                "url": "https://github.com/httpsoft/http-message.git",
                "reference": "f6ef5530daeaaa189b9550e122074e7a643dc933"
            },
            "dist": {
                "type": "zip",
                "url": "https://api.github.com/repos/httpsoft/http-message/zipball/f6ef5530daeaaa189b9550e122074e7a643dc933",
                "reference": "f6ef5530daeaaa189b9550e122074e7a643dc933",
                "shasum": ""
            },
            "require": {
                "php": "^7.4|^8.0",
                "psr/http-factory": "^1.0",
                "psr/http-message": "^1.0"
            },
            "provide": {
                "psr/http-factory-implementation": "1.0",
                "psr/http-message-implementation": "1.0"
            },
            "require-dev": {
                "infection/infection": "^0.20.2",
                "phpunit/phpunit": "^9.5",
                "squizlabs/php_codesniffer": "^3.5",
                "vimeo/psalm": "^4.3"
            },
            "type": "library",
            "autoload": {
                "psr-4": {
                    "HttpSoft\\Message\\": "src/"
                }
            },
            "notification-url": "https://packagist.org/downloads/",
            "license": [
                "MIT"
            ],
            "authors": [
                {
                    "name": "Evgeniy Zyubin",
                    "email": "mail@devanych.ru",
                    "homepage": "https://devanych.ru/",
                    "role": "Founder and lead developer"
                }
            ],
            "description": "Strict and fast implementation of PSR-7 and PSR-17",
            "homepage": "https://httpsoft.org/",
            "keywords": [
                "http",
                "http-message",
                "php",
                "psr-17",
                "psr-7"
            ],
            "support": {
                "docs": "https://httpsoft.org/docs/message",
                "issues": "https://github.com/httpsoft/http-message/issues",
                "source": "https://github.com/httpsoft/http-message"
            },
            "time": "2020-12-16T18:51:22+00:00"
        },
        {
            "name": "httpsoft/http-server-request",
            "version": "1.0.4",
            "source": {
                "type": "git",
                "url": "https://github.com/httpsoft/http-server-request.git",
                "reference": "7082b8ed2b99ebb5ce5f2794c48618365f9e5cb0"
            },
            "dist": {
                "type": "zip",
                "url": "https://api.github.com/repos/httpsoft/http-server-request/zipball/7082b8ed2b99ebb5ce5f2794c48618365f9e5cb0",
                "reference": "7082b8ed2b99ebb5ce5f2794c48618365f9e5cb0",
                "shasum": ""
            },
            "require": {
                "httpsoft/http-message": "^1.0",
                "php": "^7.4|^8.0"
            },
            "provide": {
                "psr/http-message-implementation": "1.0"
            },
            "require-dev": {
                "phpunit/phpunit": "^9.5",
                "squizlabs/php_codesniffer": "^3.5",
                "vimeo/psalm": "^4.3"
            },
            "type": "library",
            "autoload": {
                "psr-4": {
                    "HttpSoft\\ServerRequest\\": "src/"
                }
            },
            "notification-url": "https://packagist.org/downloads/",
            "license": [
                "MIT"
            ],
            "authors": [
                {
                    "name": "Evgeniy Zyubin",
                    "email": "mail@devanych.ru",
                    "homepage": "https://devanych.ru/",
                    "role": "Founder and lead developer"
                }
            ],
            "description": "Infrastructure for creating PSR-7 ServerRequest and UploadedFile",
            "homepage": "https://httpsoft.org/",
            "keywords": [
                "http",
                "http-message",
                "http-server-request",
                "php",
                "psr-7"
            ],
            "support": {
                "docs": "https://httpsoft.org/docs/server-request",
                "issues": "https://github.com/httpsoft/http-server-request/issues",
                "source": "https://github.com/httpsoft/http-server-request"
            },
            "time": "2020-12-12T16:51:49+00:00"
        },
        {
            "name": "psr/http-factory",
            "version": "1.0.1",
            "source": {
                "type": "git",
                "url": "https://github.com/php-fig/http-factory.git",
                "reference": "12ac7fcd07e5b077433f5f2bee95b3a771bf61be"
            },
            "dist": {
                "type": "zip",
                "url": "https://api.github.com/repos/php-fig/http-factory/zipball/12ac7fcd07e5b077433f5f2bee95b3a771bf61be",
                "reference": "12ac7fcd07e5b077433f5f2bee95b3a771bf61be",
                "shasum": ""
            },
            "require": {
                "php": ">=7.0.0",
                "psr/http-message": "^1.0"
            },
            "type": "library",
            "extra": {
                "branch-alias": {
                    "dev-master": "1.0.x-dev"
                }
            },
            "autoload": {
                "psr-4": {
                    "Psr\\Http\\Message\\": "src/"
                }
            },
            "notification-url": "https://packagist.org/downloads/",
            "license": [
                "MIT"
            ],
            "authors": [
                {
                    "name": "PHP-FIG",
                    "homepage": "http://www.php-fig.org/"
                }
            ],
            "description": "Common interfaces for PSR-7 HTTP message factories",
            "keywords": [
                "factory",
                "http",
                "message",
                "psr",
                "psr-17",
                "psr-7",
                "request",
                "response"
            ],
            "support": {
                "source": "https://github.com/php-fig/http-factory/tree/master"
            },
            "time": "2019-04-30T12:38:16+00:00"
        },
        {
            "name": "psr/http-message",
            "version": "1.0.1",
            "source": {
                "type": "git",
                "url": "https://github.com/php-fig/http-message.git",
                "reference": "f6561bf28d520154e4b0ec72be95418abe6d9363"
            },
            "dist": {
                "type": "zip",
                "url": "https://api.github.com/repos/php-fig/http-message/zipball/f6561bf28d520154e4b0ec72be95418abe6d9363",
                "reference": "f6561bf28d520154e4b0ec72be95418abe6d9363",
                "shasum": ""
            },
            "require": {
                "php": ">=5.3.0"
            },
            "type": "library",
            "extra": {
                "branch-alias": {
                    "dev-master": "1.0.x-dev"
                }
            },
            "autoload": {
                "psr-4": {
                    "Psr\\Http\\Message\\": "src/"
                }
            },
            "notification-url": "https://packagist.org/downloads/",
            "license": [
                "MIT"
            ],
            "authors": [
                {
                    "name": "PHP-FIG",
                    "homepage": "http://www.php-fig.org/"
                }
            ],
            "description": "Common interface for HTTP messages",
            "homepage": "https://github.com/php-fig/http-message",
            "keywords": [
                "http",
                "http-message",
                "psr",
                "psr-7",
                "request",
                "response"
            ],
            "support": {
                "source": "https://github.com/php-fig/http-message/tree/master"
            },
            "time": "2016-08-06T14:39:51+00:00"
        }
    ],
    "packages-dev": [],
    "aliases": [],
    "minimum-stability": "stable",
    "stability-flags": [],
    "prefer-stable": false,
    "prefer-lowest": false,
    "platform": [],
    "platform-dev": [],
    "plugin-api-version": "2.0.0"
}
